
Microsoft Visual Studio Solution File, Format Version 11.00
# Visual Studio 2010
Project("{2150E333-8FDC-42A3-9474-1A3956D46DE8}") = "Databases", "Databases", "{FA4FA921-3536-4E85-9CEE-72DAF1E5C1F1}"
EndProject
Project("{FAE04EC0-301F-11D3-BF4B-00C04F79EFBC}") = "SqlBuilder", "SqlBuilder\SqlBuilder.csproj", "{101DC4B5-0E5B-48A6-9A60-4A7C4D78AFD8}"
EndProject
Project("{FAE04EC0-301F-11D3-BF4B-00C04F79EFBC}") = "T4Templates", "T4Templates\T4Templates.csproj", "{55837841-3D2A-411D-960F-323C12668088}"
EndProject
Project("{FAE04EC0-301F-11D3-BF4B-00C04F79EFBC}") = "EngineService", "EngineService\EngineService.csproj", "{6D6E838A-0F40-4FAC-8285-78B2A1B2674A}"
EndProject
Project("{FAE04EC0-301F-11D3-BF4B-00C04F79EFBC}") = "ConsoleTest", "ConsoleTest\ConsoleTest.csproj", "{D3654AF1-D7DF-4F54-8603-7BCC6DBCF4A6}"
EndProject
Project("{2150E333-8FDC-42A3-9474-1A3956D46DE8}") = "Documents", "Documents", "{A92C39CB-402B-4F7C-B000-00C3B634E8B6}"
	ProjectSection(SolutionItems) = preProject
		License.txt = License.txt
		Notice.txt = Notice.txt
		Documents\wikipage_home.htm = Documents\wikipage_home.htm
	EndProjectSection
EndProject
Project("{54435603-DBB4-11D2-8724-00A0C9A8B90C}") = "EngineServiceSetup", "EngineServiceSetup\EngineServiceSetup.vdproj", "{56858E6D-F88E-4876-A784-5A244216A979}"
EndProject
Project("{2150E333-8FDC-42A3-9474-1A3956D46DE8}") = "VSTemplates", "VSTemplates", "{AD2C96A3-8A0E-4D50-A703-CDDC43D11284}"
	ProjectSection(SolutionItems) = preProject
		VSTemplates\Readme - Individual Installation.htm = VSTemplates\Readme - Individual Installation.htm
		VSTemplates\Readme - Team Installation.htm = VSTemplates\Readme - Team Installation.htm
		VSTemplates\T4SQLTemplate.CSharp.zip = VSTemplates\T4SQLTemplate.CSharp.zip
	EndProjectSection
EndProject
Project("{00D1A9C2-B5F0-4AF3-8072-F6C62B433612}") = "T4SQLDB", "Databases\SqlServer\T4SQLDB.sqlproj", "{7DEAFCA2-B40A-4C8B-A6BB-8123BDF91AB4}"
EndProject
Project("{2150E333-8FDC-42A3-9474-1A3956D46DE8}") = "CSharp", "CSharp", "{15675A2B-48D5-484F-B908-82A8E744A6C0}"
	ProjectSection(SolutionItems) = preProject
		VSTemplates\CSharp\T4SQLTemplate.CSharp.tt = VSTemplates\CSharp\T4SQLTemplate.CSharp.tt
		VSTemplates\CSharp\T4SQLTemplate.CSharp.vstemplate = VSTemplates\CSharp\T4SQLTemplate.CSharp.vstemplate
		VSTemplates\CSharp\T4SQLTemplate.Oracle.sql = VSTemplates\CSharp\T4SQLTemplate.Oracle.sql
		VSTemplates\CSharp\T4SQLTemplate.partial.cs = VSTemplates\CSharp\T4SQLTemplate.partial.cs
		VSTemplates\CSharp\T4SQLTemplate.SqlServer.sql = VSTemplates\CSharp\T4SQLTemplate.SqlServer.sql
	EndProjectSection
EndProject
Project("{00D1A9C2-B5F0-4AF3-8072-F6C62B433612}") = "Test", "Databases\SqlServer\Test\Test.sqlproj", "{C8E89649-607A-4A1D-94BB-F1B0235DCC67}"
EndProject
Project("{FAE04EC0-301F-11D3-BF4B-00C04F79EFBC}") = "T4SQL.Base", "T4SQL.Base\T4SQL.Base.csproj", "{A5DD7958-181E-4D43-BE49-BAE5005ADB6D}"
EndProject
Project("{2150E333-8FDC-42A3-9474-1A3956D46DE8}") = "Library", "Library", "{FF43D7CC-1C03-4685-936F-69853A5315F4}"
EndProject
Project("{2150E333-8FDC-42A3-9474-1A3956D46DE8}") = "Engine", "Engine", "{7C95919A-CA9C-44B7-AAFD-045F1E31AEF6}"
EndProject
Project("{2150E333-8FDC-42A3-9474-1A3956D46DE8}") = "NuGet", "NuGet", "{304335BC-9CD9-4D9C-B87B-CE9FBBACAFFA}"
	ProjectSection(SolutionItems) = preProject
		T4SQL.Base\NuGet\Install.ps1 = T4SQL.Base\NuGet\Install.ps1
		T4SQL.Base\NuGet\pack.bat = T4SQL.Base\NuGet\pack.bat
		T4SQL.Base\NuGet\Readme.txt = T4SQL.Base\NuGet\Readme.txt
	EndProjectSection
EndProject
Project("{2150E333-8FDC-42A3-9474-1A3956D46DE8}") = ".nuget", ".nuget", "{F939D93A-F5D6-44B3-80BD-139FA7655866}"
	ProjectSection(SolutionItems) = preProject
		.nuget\NuGet.Config = .nuget\NuGet.Config
		.nuget\NuGet.exe = .nuget\NuGet.exe
		.nuget\NuGet.targets = .nuget\NuGet.targets
	EndProjectSection
EndProject
Project("{2150E333-8FDC-42A3-9474-1A3956D46DE8}") = "nupkg", "nupkg", "{EFA2A4E4-F055-4068-A437-3E9310E27D73}"
	ProjectSection(SolutionItems) = preProject
		T4SQL.Base\NuGet\nupkg\Download NuGet Command-Line.htm = T4SQL.Base\NuGet\nupkg\Download NuGet Command-Line.htm
	EndProjectSection
EndProject
Project("{2150E333-8FDC-42A3-9474-1A3956D46DE8}") = "packages", "packages", "{2A1C5C78-2B79-493D-9467-365A50744259}"
	ProjectSection(SolutionItems) = preProject
		packages\repositories.config = packages\repositories.config
	EndProjectSection
EndProject
Project("{2150E333-8FDC-42A3-9474-1A3956D46DE8}") = "SqlServer", "SqlServer", "{8103A758-197D-4A62-BDDC-85E17F73852F}"
	ProjectSection(SolutionItems) = preProject
		Databases\Install SQL Server Data Tools.htm = Databases\Install SQL Server Data Tools.htm
	EndProjectSection
EndProject
Project("{2150E333-8FDC-42A3-9474-1A3956D46DE8}") = "Oracle", "Oracle", "{2D45E166-56ED-41F2-AD1E-7E855802C24F}"
EndProject
Project("{F088123C-0E9E-452A-89E6-6BA2F21D5CAC}") = "T4SQLDB", "Databases\Oracle\T4SQLDB\T4SQLDB.modelproj", "{B87CC30F-88EA-471C-B1F7-AEA1DA855273}"
EndProject
Project("{F088123C-0E9E-452A-89E6-6BA2F21D5CAC}") = "Test", "Databases\Oracle\Test\Test.modelproj", "{1CD496A5-E50E-4BB8-8484-4364D541B95F}"
EndProject
Global
	GlobalSection(TeamFoundationVersionControl) = preSolution
		SccNumberOfProjects = 11
		SccEnterpriseProvider = {4CA58AB2-18FA-4F8D-95D4-32DDF27D184C}
		SccTeamFoundationServer = https://tfs.codeplex.com/tfs/tfs23
		SccLocalPath0 = .
		SccProjectUniqueName1 = ConsoleTest\\ConsoleTest.csproj
		SccProjectTopLevelParentUniqueName1 = T4SQLTemplateLibrary.sln
		SccProjectName1 = ConsoleTest
		SccLocalPath1 = ConsoleTest
		SccProjectUniqueName2 = EngineService\\EngineService.csproj
		SccProjectTopLevelParentUniqueName2 = T4SQLTemplateLibrary.sln
		SccProjectName2 = EngineService
		SccLocalPath2 = EngineService
		SccProjectUniqueName3 = SqlBuilder\\SqlBuilder.csproj
		SccProjectTopLevelParentUniqueName3 = T4SQLTemplateLibrary.sln
		SccProjectName3 = SqlBuilder
		SccLocalPath3 = SqlBuilder
		SccProjectUniqueName4 = T4Templates\\T4Templates.csproj
		SccProjectTopLevelParentUniqueName4 = T4SQLTemplateLibrary.sln
		SccProjectName4 = T4Templates
		SccLocalPath4 = T4Templates
		SccProjectUniqueName5 = EngineServiceSetup\\EngineServiceSetup.vdproj
		SccProjectTopLevelParentUniqueName5 = T4SQLTemplateLibrary.sln
		SccProjectName5 = EngineServiceSetup
		SccLocalPath5 = EngineServiceSetup
		SccProjectUniqueName6 = Databases\\SqlServer\\T4SQLDB.sqlproj
		SccProjectTopLevelParentUniqueName6 = T4SQLTemplateLibrary.sln
		SccProjectName6 = Databases/SqlServer
		SccLocalPath6 = Databases\\SqlServer
		SccProjectUniqueName7 = T4SQL.Base\\T4SQL.Base.csproj
		SccProjectTopLevelParentUniqueName7 = T4SQLTemplateLibrary.sln
		SccProjectName7 = T4SQL.Base
		SccLocalPath7 = T4SQL.Base
		SccProjectUniqueName8 = Databases\\SqlServer\\Test\\Test.sqlproj
		SccProjectTopLevelParentUniqueName8 = T4SQLTemplateLibrary.sln
		SccProjectName8 = Databases/SqlServer/Test
		SccLocalPath8 = Databases\\SqlServer\\Test
		SccProjectUniqueName9 = Databases\\Oracle\\T4SQLDB\\T4SQLDB.modelproj
		SccProjectTopLevelParentUniqueName9 = T4SQLTemplateLibrary.sln
		SccProjectName9 = Databases/Oracle/T4SQLDB
		SccLocalPath9 = Databases\\Oracle\\T4SQLDB
		SccProjectUniqueName10 = Databases\\Oracle\\Test\\Test.modelproj
		SccProjectTopLevelParentUniqueName10 = T4SQLTemplateLibrary.sln
		SccProjectName10 = Databases/Oracle/Test
		SccLocalPath10 = Databases\\Oracle\\Test
	EndGlobalSection
	GlobalSection(SolutionConfigurationPlatforms) = preSolution
		Debug|Any CPU = Debug|Any CPU
		Release|Any CPU = Release|Any CPU
	EndGlobalSection
	GlobalSection(ProjectConfigurationPlatforms) = postSolution
		{101DC4B5-0E5B-48A6-9A60-4A7C4D78AFD8}.Debug|Any CPU.ActiveCfg = Debug|Any CPU
		{101DC4B5-0E5B-48A6-9A60-4A7C4D78AFD8}.Debug|Any CPU.Build.0 = Debug|Any CPU
		{101DC4B5-0E5B-48A6-9A60-4A7C4D78AFD8}.Release|Any CPU.ActiveCfg = Release|Any CPU
		{101DC4B5-0E5B-48A6-9A60-4A7C4D78AFD8}.Release|Any CPU.Build.0 = Release|Any CPU
		{55837841-3D2A-411D-960F-323C12668088}.Debug|Any CPU.ActiveCfg = Debug|Any CPU
		{55837841-3D2A-411D-960F-323C12668088}.Debug|Any CPU.Build.0 = Debug|Any CPU
		{55837841-3D2A-411D-960F-323C12668088}.Release|Any CPU.ActiveCfg = Release|Any CPU
		{55837841-3D2A-411D-960F-323C12668088}.Release|Any CPU.Build.0 = Release|Any CPU
		{6D6E838A-0F40-4FAC-8285-78B2A1B2674A}.Debug|Any CPU.ActiveCfg = Debug|Any CPU
		{6D6E838A-0F40-4FAC-8285-78B2A1B2674A}.Debug|Any CPU.Build.0 = Debug|Any CPU
		{6D6E838A-0F40-4FAC-8285-78B2A1B2674A}.Release|Any CPU.ActiveCfg = Release|Any CPU
		{6D6E838A-0F40-4FAC-8285-78B2A1B2674A}.Release|Any CPU.Build.0 = Release|Any CPU
		{D3654AF1-D7DF-4F54-8603-7BCC6DBCF4A6}.Debug|Any CPU.ActiveCfg = Debug|Any CPU
		{D3654AF1-D7DF-4F54-8603-7BCC6DBCF4A6}.Debug|Any CPU.Build.0 = Debug|Any CPU
		{D3654AF1-D7DF-4F54-8603-7BCC6DBCF4A6}.Release|Any CPU.ActiveCfg = Release|Any CPU
		{D3654AF1-D7DF-4F54-8603-7BCC6DBCF4A6}.Release|Any CPU.Build.0 = Release|Any CPU
		{56858E6D-F88E-4876-A784-5A244216A979}.Debug|Any CPU.ActiveCfg = Debug
		{56858E6D-F88E-4876-A784-5A244216A979}.Debug|Any CPU.Build.0 = Debug
		{56858E6D-F88E-4876-A784-5A244216A979}.Release|Any CPU.ActiveCfg = Release
		{56858E6D-F88E-4876-A784-5A244216A979}.Release|Any CPU.Build.0 = Release
		{7DEAFCA2-B40A-4C8B-A6BB-8123BDF91AB4}.Debug|Any CPU.ActiveCfg = Debug|Any CPU
		{7DEAFCA2-B40A-4C8B-A6BB-8123BDF91AB4}.Debug|Any CPU.Build.0 = Debug|Any CPU
		{7DEAFCA2-B40A-4C8B-A6BB-8123BDF91AB4}.Debug|Any CPU.Deploy.0 = Debug|Any CPU
		{7DEAFCA2-B40A-4C8B-A6BB-8123BDF91AB4}.Release|Any CPU.ActiveCfg = Release|Any CPU
		{7DEAFCA2-B40A-4C8B-A6BB-8123BDF91AB4}.Release|Any CPU.Build.0 = Release|Any CPU
		{7DEAFCA2-B40A-4C8B-A6BB-8123BDF91AB4}.Release|Any CPU.Deploy.0 = Release|Any CPU
		{C8E89649-607A-4A1D-94BB-F1B0235DCC67}.Debug|Any CPU.ActiveCfg = Debug|Any CPU
		{C8E89649-607A-4A1D-94BB-F1B0235DCC67}.Debug|Any CPU.Build.0 = Debug|Any CPU
		{C8E89649-607A-4A1D-94BB-F1B0235DCC67}.Debug|Any CPU.Deploy.0 = Debug|Any CPU
		{C8E89649-607A-4A1D-94BB-F1B0235DCC67}.Release|Any CPU.ActiveCfg = Release|Any CPU
		{C8E89649-607A-4A1D-94BB-F1B0235DCC67}.Release|Any CPU.Build.0 = Release|Any CPU
		{C8E89649-607A-4A1D-94BB-F1B0235DCC67}.Release|Any CPU.Deploy.0 = Release|Any CPU
		{A5DD7958-181E-4D43-BE49-BAE5005ADB6D}.Debug|Any CPU.ActiveCfg = Debug|Any CPU
		{A5DD7958-181E-4D43-BE49-BAE5005ADB6D}.Debug|Any CPU.Build.0 = Debug|Any CPU
		{A5DD7958-181E-4D43-BE49-BAE5005ADB6D}.Release|Any CPU.ActiveCfg = Release|Any CPU
		{A5DD7958-181E-4D43-BE49-BAE5005ADB6D}.Release|Any CPU.Build.0 = Release|Any CPU
		{B87CC30F-88EA-471C-B1F7-AEA1DA855273}.Debug|Any CPU.ActiveCfg = Debug|Any CPU
		{B87CC30F-88EA-471C-B1F7-AEA1DA855273}.Release|Any CPU.ActiveCfg = Release|Any CPU
		{1CD496A5-E50E-4BB8-8484-4364D541B95F}.Debug|Any CPU.ActiveCfg = Debug|Any CPU
		{1CD496A5-E50E-4BB8-8484-4364D541B95F}.Debug|Any CPU.Build.0 = Debug|Any CPU
		{1CD496A5-E50E-4BB8-8484-4364D541B95F}.Release|Any CPU.ActiveCfg = Release|Any CPU
		{1CD496A5-E50E-4BB8-8484-4364D541B95F}.Release|Any CPU.Build.0 = Release|Any CPU
	EndGlobalSection
	GlobalSection(SolutionProperties) = preSolution
		HideSolutionNode = FALSE
	EndGlobalSection
	GlobalSection(NestedProjects) = preSolution
		{8103A758-197D-4A62-BDDC-85E17F73852F} = {FA4FA921-3536-4E85-9CEE-72DAF1E5C1F1}
		{2D45E166-56ED-41F2-AD1E-7E855802C24F} = {FA4FA921-3536-4E85-9CEE-72DAF1E5C1F1}
		{6D6E838A-0F40-4FAC-8285-78B2A1B2674A} = {7C95919A-CA9C-44B7-AAFD-045F1E31AEF6}
		{D3654AF1-D7DF-4F54-8603-7BCC6DBCF4A6} = {7C95919A-CA9C-44B7-AAFD-045F1E31AEF6}
		{56858E6D-F88E-4876-A784-5A244216A979} = {7C95919A-CA9C-44B7-AAFD-045F1E31AEF6}
		{101DC4B5-0E5B-48A6-9A60-4A7C4D78AFD8} = {7C95919A-CA9C-44B7-AAFD-045F1E31AEF6}
		{AD2C96A3-8A0E-4D50-A703-CDDC43D11284} = {FF43D7CC-1C03-4685-936F-69853A5315F4}
		{A5DD7958-181E-4D43-BE49-BAE5005ADB6D} = {FF43D7CC-1C03-4685-936F-69853A5315F4}
		{55837841-3D2A-411D-960F-323C12668088} = {FF43D7CC-1C03-4685-936F-69853A5315F4}
		{304335BC-9CD9-4D9C-B87B-CE9FBBACAFFA} = {FF43D7CC-1C03-4685-936F-69853A5315F4}
		{15675A2B-48D5-484F-B908-82A8E744A6C0} = {AD2C96A3-8A0E-4D50-A703-CDDC43D11284}
		{C8E89649-607A-4A1D-94BB-F1B0235DCC67} = {8103A758-197D-4A62-BDDC-85E17F73852F}
		{7DEAFCA2-B40A-4C8B-A6BB-8123BDF91AB4} = {8103A758-197D-4A62-BDDC-85E17F73852F}
		{EFA2A4E4-F055-4068-A437-3E9310E27D73} = {304335BC-9CD9-4D9C-B87B-CE9FBBACAFFA}
		{2A1C5C78-2B79-493D-9467-365A50744259} = {F939D93A-F5D6-44B3-80BD-139FA7655866}
		{B87CC30F-88EA-471C-B1F7-AEA1DA855273} = {2D45E166-56ED-41F2-AD1E-7E855802C24F}
		{1CD496A5-E50E-4BB8-8484-4364D541B95F} = {2D45E166-56ED-41F2-AD1E-7E855802C24F}
	EndGlobalSection
EndGlobal
